
Microsoft Visual Studio Solution File, Format Version 12.00
# Visual Studio Version 17
VisualStudioVersion = 17.14.36705.20
MinimumVisualStudioVersion = 10.0.40219.1
Project("{FAE04EC0-301F-11D3-BF4B-00C04F79EFBC}") = "TodoSessionApp", "TodoSessionApp.csproj", "{B0015515-5B94-4E0C-AE07-6767C2F9E438}"
EndProject
Global
	GlobalSection(SolutionConfigurationPlatforms) = preSolution
		Debug|Any CPU = Debug|Any CPU
		Release|Any CPU = Release|Any CPU
	EndGlobalSection
	GlobalSection(ProjectConfigurationPlatforms) = postSolution
		{B0015515-5B94-4E0C-AE07-6767C2F9E438}.Debug|Any CPU.ActiveCfg = Debug|Any CPU
		{B0015515-5B94-4E0C-AE07-6767C2F9E438}.Debug|Any CPU.Build.0 = Debug|Any CPU
		{B0015515-5B94-4E0C-AE07-6767C2F9E438}.Release|Any CPU.ActiveCfg = Release|Any CPU
		{B0015515-5B94-4E0C-AE07-6767C2F9E438}.Release|Any CPU.Build.0 = Release|Any CPU
	EndGlobalSection
	GlobalSection(SolutionProperties) = preSolution
		HideSolutionNode = FALSE
	EndGlobalSection
	GlobalSection(ExtensibilityGlobals) = postSolution
		SolutionGuid = {7B56016A-5F3C-4356-BCA5-0B1ED3BBA4CC}
	EndGlobalSection
EndGlobal
